
Microsoft Visual Studio Solution File, Format Version 12.00
# Visual Studio Version 17
VisualStudioVersion = 17.11.35312.102
MinimumVisualStudioVersion = 10.0.40219.1
Project("{FAE04EC0-301F-11D3-BF4B-00C04F79EFBC}") = "Webpro1projekt", "Webpro1projekt\Webpro1projekt.csproj", "{96D4F920-F59C-4BBD-B0DE-944200B19498}"
EndProject
Global
	GlobalSection(SolutionConfigurationPlatforms) = preSolution
		Debug|Any CPU = Debug|Any CPU
		Release|Any CPU = Release|Any CPU
	EndGlobalSection
	GlobalSection(ProjectConfigurationPlatforms) = postSolution
		{96D4F920-F59C-4BBD-B0DE-944200B19498}.Debug|Any CPU.ActiveCfg = Debug|Any CPU
		{96D4F920-F59C-4BBD-B0DE-944200B19498}.Debug|Any CPU.Build.0 = Debug|Any CPU
		{96D4F920-F59C-4BBD-B0DE-944200B19498}.Release|Any CPU.ActiveCfg = Release|Any CPU
		{96D4F920-F59C-4BBD-B0DE-944200B19498}.Release|Any CPU.Build.0 = Release|Any CPU
	EndGlobalSection
	GlobalSection(SolutionProperties) = preSolution
		HideSolutionNode = FALSE
	EndGlobalSection
	GlobalSection(ExtensibilityGlobals) = postSolution
		SolutionGuid = {CEF2DD47-375A-4964-8838-2A856B9006C2}
	EndGlobalSection
EndGlobal
