
Microsoft Visual Studio Solution File, Format Version 12.00
# Visual Studio Version 17
VisualStudioVersion = 17.11.35312.102
MinimumVisualStudioVersion = 10.0.40219.1
Project("{FAE04EC0-301F-11D3-BF4B-00C04F79EFBC}") = "WebApplicationTest", "WebApplicationTest\WebApplicationTest.csproj", "{861F919F-D20D-46E1-88ED-C2A6B80F769E}"
EndProject
Global
	GlobalSection(SolutionConfigurationPlatforms) = preSolution
		Debug|Any CPU = Debug|Any CPU
		Release|Any CPU = Release|Any CPU
	EndGlobalSection
	GlobalSection(ProjectConfigurationPlatforms) = postSolution
		{861F919F-D20D-46E1-88ED-C2A6B80F769E}.Debug|Any CPU.ActiveCfg = Debug|Any CPU
		{861F919F-D20D-46E1-88ED-C2A6B80F769E}.Debug|Any CPU.Build.0 = Debug|Any CPU
		{861F919F-D20D-46E1-88ED-C2A6B80F769E}.Release|Any CPU.ActiveCfg = Release|Any CPU
		{861F919F-D20D-46E1-88ED-C2A6B80F769E}.Release|Any CPU.Build.0 = Release|Any CPU
	EndGlobalSection
	GlobalSection(SolutionProperties) = preSolution
		HideSolutionNode = FALSE
	EndGlobalSection
	GlobalSection(ExtensibilityGlobals) = postSolution
		SolutionGuid = {AF248C31-411B-42AF-8802-38666E408970}
	EndGlobalSection
EndGlobal
